# This file was autogenerated by Stack.
# You should not edit this file by hand.
# For more information, please see the documentation at:
#   https://docs.haskellstack.org/en/stable/lock_files

packages:
- completed:
    hackage: indexed-0.1.3@sha256:5f3190a3b57455a7247b330cfec4d44ec5ebff7c0d957a94a4e505ccaa607917,1153
    pantry-tree:
      size: 484
      sha256: 856a0dd8097b2001652a669c938bd0ea345b06307cb419f39ee3c0c6fafbb37c
  original:
    hackage: indexed-0.1.3
- completed:
    hackage: indexed-extras-0.2@sha256:e7e498023e33016fe45467dfee3c1379862e7e6654a806a965958fa1adc00304,1349
    pantry-tree:
      size: 299
      sha256: bdec8e8a81ac73c2350cf48eab2a7c1122e7e76a55980ac654a0cf4abf305df6
  original:
    hackage: indexed-extras-0.2
- completed:
    hackage: row-types-0.2.3.0@sha256:976cc6119b982057ad949e4b01ff849fb290c933248bda47e81220b84724cae3,3112
    pantry-tree:
      size: 774
      sha256: 6dc7d3dcc39128ff444695ed07546ae5603a9c13778c1814c093e30933f45847
  original:
    hackage: row-types-0.2.3.0
snapshots:
- completed:
    size: 498402
    url: https://raw.githubusercontent.com/commercialhaskell/stackage-snapshots/master/lts/13/24.yaml
    sha256: 33e96adfe24f112b62f6edd22565cdbaa13155703bbfbfdc3d0a9bc6138ae7bf
  original: lts-13.24
